
Microsoft Visual Studio Solution File, Format Version 12.00
# Visual Studio Version 16
VisualStudioVersion = 16.0.31402.337
MinimumVisualStudioVersion = 10.0.40219.1
Project("{FAE04EC0-301F-11D3-BF4B-00C04F79EFBC}") = "EmpresaCRUD", "EmpresaCRUD\EmpresaCRUD.csproj", "{28BFF67C-D58A-4C09-B9BE-0CFB23F50C9F}"
EndProject
Global
	GlobalSection(SolutionConfigurationPlatforms) = preSolution
		Debug|Any CPU = Debug|Any CPU
		Release|Any CPU = Release|Any CPU
	EndGlobalSection
	GlobalSection(ProjectConfigurationPlatforms) = postSolution
		{28BFF67C-D58A-4C09-B9BE-0CFB23F50C9F}.Debug|Any CPU.ActiveCfg = Debug|Any CPU
		{28BFF67C-D58A-4C09-B9BE-0CFB23F50C9F}.Debug|Any CPU.Build.0 = Debug|Any CPU
		{28BFF67C-D58A-4C09-B9BE-0CFB23F50C9F}.Release|Any CPU.ActiveCfg = Release|Any CPU
		{28BFF67C-D58A-4C09-B9BE-0CFB23F50C9F}.Release|Any CPU.Build.0 = Release|Any CPU
	EndGlobalSection
	GlobalSection(SolutionProperties) = preSolution
		HideSolutionNode = FALSE
	EndGlobalSection
	GlobalSection(ExtensibilityGlobals) = postSolution
		SolutionGuid = {23D5F1C7-4966-4810-8759-85596E401E6B}
	EndGlobalSection
EndGlobal
